// !$*UTF8*$!
{
	archiveVersion = 1;
	classes = {
	};
	objectVersion = 46;
	objects = {

/* Begin PBXBuildFile section */
		0C5F6FC017C1ED8900A3CAC8 /* UIKit.framework in Frameworks */ = {isa = PBXBuildFile; fileRef = 0C5F6FBF17C1ED8900A3CAC8 /* UIKit.framework */; };
		0C5F6FC217C1ED8900A3CAC8 /* Foundation.framework in Frameworks */ = {isa = PBXBuildFile; fileRef = 0C5F6FC117C1ED8900A3CAC8 /* Foundation.framework */; };
		0C5F6FC417C1ED8900A3CAC8 /* CoreGraphics.framework in Frameworks */ = {isa = PBXBuildFile; fileRef = 0C5F6FC317C1ED8900A3CAC8 /* CoreGraphics.framework */; };
		0C5F6FCA17C1ED8900A3CAC8 /* InfoPlist.strings in Resources */ = {isa = PBXBuildFile; fileRef = 0C5F6FC817C1ED8900A3CAC8 /* InfoPlist.strings */; };
		0C5F6FCC17C1ED8900A3CAC8 /* main.m in Sources */ = {isa = PBXBuildFile; fileRef = 0C5F6FCB17C1ED8900A3CAC8 /* main.m */; };
		0C5F6FD017C1ED8900A3CAC8 /* LEAppDelegate.m in Sources */ = {isa = PBXBuildFile; fileRef = 0C5F6FCF17C1ED8900A3CAC8 /* LEAppDelegate.m */; };
		0C5F6FD217C1ED8900A3CAC8 /* Default.png in Resources */ = {isa = PBXBuildFile; fileRef = 0C5F6FD117C1ED8900A3CAC8 /* Default.png */; };
		0C5F6FD417C1ED8900A3CAC8 /* Default@2x.png in Resources */ = {isa = PBXBuildFile; fileRef = 0C5F6FD317C1ED8900A3CAC8 /* Default@2x.png */; };
		0C5F6FD617C1ED8900A3CAC8 /* Default-568h@2x.png in Resources */ = {isa = PBXBuildFile; fileRef = 0C5F6FD517C1ED8900A3CAC8 /* Default-568h@2x.png */; };
		0C5F6FE017C1EDE700A3CAC8 /* LEViewController.m in Sources */ = {isa = PBXBuildFile; fileRef = 0C5F6FDF17C1EDE700A3CAC8 /* LEViewController.m */; };
		0C5F6FE417C2360F00A3CAC8 /* MyStoryboard.storyboard in Resources */ = {isa = PBXBuildFile; fileRef = 0C5F6FE617C2360F00A3CAC8 /* MyStoryboard.storyboard */; };
		0C5F6FEA17C2372500A3CAC8 /* Localizable.strings in Resources */ = {isa = PBXBuildFile; fileRef = 0C5F6FEC17C2372500A3CAC8 /* Localizable.strings */; };
/* End PBXBuildFile section */

/* Begin PBXFileReference section */
		0C5F6FBC17C1ED8900A3CAC8 /* L10nExample.app */ = {isa = PBXFileReference; explicitFileType = wrapper.application; includeInIndex = 0; path = L10nExample.app; sourceTree = BUILT_PRODUCTS_DIR; };
		0C5F6FBF17C1ED8900A3CAC8 /* UIKit.framework */ = {isa = PBXFileReference; lastKnownFileType = wrapper.framework; name = UIKit.framework; path = System/Library/Frameworks/UIKit.framework; sourceTree = SDKROOT; };
		0C5F6FC117C1ED8900A3CAC8 /* Foundation.framework */ = {isa = PBXFileReference; lastKnownFileType = wrapper.framework; name = Foundation.framework; path = System/Library/Frameworks/Foundation.framework; sourceTree = SDKROOT; };
		0C5F6FC317C1ED8900A3CAC8 /* CoreGraphics.framework */ = {isa = PBXFileReference; lastKnownFileType = wrapper.framework; name = CoreGraphics.framework; path = System/Library/Frameworks/CoreGraphics.framework; sourceTree = SDKROOT; };
		0C5F6FC717C1ED8900A3CAC8 /* L10nExample-Info.plist */ = {isa = PBXFileReference; lastKnownFileType = text.plist.xml; path = "L10nExample-Info.plist"; sourceTree = "<group>"; };
		0C5F6FC917C1ED8900A3CAC8 /* en */ = {isa = PBXFileReference; lastKnownFileType = text.plist.strings; name = en; path = en.lproj/InfoPlist.strings; sourceTree = "<group>"; };
		0C5F6FCB17C1ED8900A3CAC8 /* main.m */ = {isa = PBXFileReference; lastKnownFileType = sourcecode.c.objc; path = main.m; sourceTree = "<group>"; };
		0C5F6FCD17C1ED8900A3CAC8 /* L10nExample-Prefix.pch */ = {isa = PBXFileReference; lastKnownFileType = sourcecode.c.h; path = "L10nExample-Prefix.pch"; sourceTree = "<group>"; };
		0C5F6FCE17C1ED8900A3CAC8 /* LEAppDelegate.h */ = {isa = PBXFileReference; lastKnownFileType = sourcecode.c.h; path = LEAppDelegate.h; sourceTree = "<group>"; };
		0C5F6FCF17C1ED8900A3CAC8 /* LEAppDelegate.m */ = {isa = PBXFileReference; lastKnownFileType = sourcecode.c.objc; path = LEAppDelegate.m; sourceTree = "<group>"; };
		0C5F6FD117C1ED8900A3CAC8 /* Default.png */ = {isa = PBXFileReference; lastKnownFileType = image.png; path = Default.png; sourceTree = "<group>"; };
		0C5F6FD317C1ED8900A3CAC8 /* Default@2x.png */ = {isa = PBXFileReference; lastKnownFileType = image.png; path = "Default@2x.png"; sourceTree = "<group>"; };
		0C5F6FD517C1ED8900A3CAC8 /* Default-568h@2x.png */ = {isa = PBXFileReference; lastKnownFileType = image.png; path = "Default-568h@2x.png"; sourceTree = "<group>"; };
		0C5F6FDE17C1EDE700A3CAC8 /* LEViewController.h */ = {isa = PBXFileReference; fileEncoding = 4; lastKnownFileType = sourcecode.c.h; path = LEViewController.h; sourceTree = "<group>"; };
		0C5F6FDF17C1EDE700A3CAC8 /* LEViewController.m */ = {isa = PBXFileReference; fileEncoding = 4; lastKnownFileType = sourcecode.c.objc; path = LEViewController.m; sourceTree = "<group>"; };
		0C5F6FE517C2360F00A3CAC8 /* en */ = {isa = PBXFileReference; lastKnownFileType = file; name = en; path = en.lproj/MyStoryboard.storyboard; sourceTree = "<group>"; };
		0C5F6FE717C2366B00A3CAC8 /* id */ = {isa = PBXFileReference; lastKnownFileType = file; name = id; path = id.lproj/MyStoryboard.storyboard; sourceTree = "<group>"; };
		0C5F6FEB17C2372500A3CAC8 /* en */ = {isa = PBXFileReference; lastKnownFileType = file; name = en; path = en.lproj/Localizable.strings; sourceTree = "<group>"; };
		0C5F6FED17C2372900A3CAC8 /* id */ = {isa = PBXFileReference; lastKnownFileType = file; name = id; path = id.lproj/Localizable.strings; sourceTree = "<group>"; };
/* End PBXFileReference section */

/* Begin PBXFrameworksBuildPhase section */
		0C5F6FB917C1ED8800A3CAC8 /* Frameworks */ = {
			isa = PBXFrameworksBuildPhase;
			buildActionMask = 2147483647;
			files = (
				0C5F6FC017C1ED8900A3CAC8 /* UIKit.framework in Frameworks */,
				0C5F6FC217C1ED8900A3CAC8 /* Foundation.framework in Frameworks */,
				0C5F6FC417C1ED8900A3CAC8 /* CoreGraphics.framework in Frameworks */,
			);
			runOnlyForDeploymentPostprocessing = 0;
		};
/* End PBXFrameworksBuildPhase section */

/* Begin PBXGroup section */
		0C5F6FB317C1ED8800A3CAC8 = {
			isa = PBXGroup;
			children = (
				0C5F6FEC17C2372500A3CAC8 /* Localizable.strings */,
				0C5F6FC517C1ED8900A3CAC8 /* L10nExample */,
				0C5F6FBE17C1ED8900A3CAC8 /* Frameworks */,
				0C5F6FBD17C1ED8900A3CAC8 /* Products */,
			);
			sourceTree = "<group>";
		};
		0C5F6FBD17C1ED8900A3CAC8 /* Products */ = {
			isa = PBXGroup;
			children = (
				0C5F6FBC17C1ED8900A3CAC8 /* L10nExample.app */,
			);
			name = Products;
			sourceTree = "<group>";
		};
		0C5F6FBE17C1ED8900A3CAC8 /* Frameworks */ = {
			isa = PBXGroup;
			children = (
				0C5F6FBF17C1ED8900A3CAC8 /* UIKit.framework */,
				0C5F6FC117C1ED8900A3CAC8 /* Foundation.framework */,
				0C5F6FC317C1ED8900A3CAC8 /* CoreGraphics.framework */,
			);
			name = Frameworks;
			sourceTree = "<group>";
		};
		0C5F6FC517C1ED8900A3CAC8 /* L10nExample */ = {
			isa = PBXGroup;
			children = (
				0C5F6FCE17C1ED8900A3CAC8 /* LEAppDelegate.h */,
				0C5F6FCF17C1ED8900A3CAC8 /* LEAppDelegate.m */,
				0C5F6FC617C1ED8900A3CAC8 /* Supporting Files */,
				0C5F6FE617C2360F00A3CAC8 /* MyStoryboard.storyboard */,
				0C5F6FDE17C1EDE700A3CAC8 /* LEViewController.h */,
				0C5F6FDF17C1EDE700A3CAC8 /* LEViewController.m */,
			);
			path = L10nExample;
			sourceTree = "<group>";
		};
		0C5F6FC617C1ED8900A3CAC8 /* Supporting Files */ = {
			isa = PBXGroup;
			children = (
				0C5F6FC717C1ED8900A3CAC8 /* L10nExample-Info.plist */,
				0C5F6FC817C1ED8900A3CAC8 /* InfoPlist.strings */,
				0C5F6FCB17C1ED8900A3CAC8 /* main.m */,
				0C5F6FCD17C1ED8900A3CAC8 /* L10nExample-Prefix.pch */,
				0C5F6FD117C1ED8900A3CAC8 /* Default.png */,
				0C5F6FD317C1ED8900A3CAC8 /* Default@2x.png */,
				0C5F6FD517C1ED8900A3CAC8 /* Default-568h@2x.png */,
			);
			name = "Supporting Files";
			sourceTree = "<group>";
		};
/* End PBXGroup section */

/* Begin PBXNativeTarget section */
		0C5F6FBB17C1ED8800A3CAC8 /* L10nExample */ = {
			isa = PBXNativeTarget;
			buildConfigurationList = 0C5F6FD917C1ED8900A3CAC8 /* Build configuration list for PBXNativeTarget "L10nExample" */;
			buildPhases = (
				0C5F6FE317C1EFD600A3CAC8 /* ShellScript */,
				0C5F6FB817C1ED8800A3CAC8 /* Sources */,
				0C5F6FB917C1ED8800A3CAC8 /* Frameworks */,
				0C5F6FBA17C1ED8800A3CAC8 /* Resources */,
			);
			buildRules = (
			);
			dependencies = (
			);
			name = L10nExample;
			productName = L10nExample;
			productReference = 0C5F6FBC17C1ED8900A3CAC8 /* L10nExample.app */;
			productType = "com.apple.product-type.application";
		};
/* End PBXNativeTarget section */

/* Begin PBXProject section */
		0C5F6FB417C1ED8800A3CAC8 /* Project object */ = {
			isa = PBXProject;
			attributes = {
				CLASSPREFIX = LE;
				LastUpgradeCheck = 0460;
				ORGANIZATIONNAME = example;
			};
			buildConfigurationList = 0C5F6FB717C1ED8800A3CAC8 /* Build configuration list for PBXProject "L10nExample" */;
			compatibilityVersion = "Xcode 3.2";
			developmentRegion = English;
			hasScannedForEncodings = 0;
			knownRegions = (
				en,
				id,
			);
			mainGroup = 0C5F6FB317C1ED8800A3CAC8;
			productRefGroup = 0C5F6FBD17C1ED8900A3CAC8 /* Products */;
			projectDirPath = "";
			projectRoot = "";
			targets = (
				0C5F6FBB17C1ED8800A3CAC8 /* L10nExample */,
			);
		};
/* End PBXProject section */

/* Begin PBXResourcesBuildPhase section */
		0C5F6FBA17C1ED8800A3CAC8 /* Resources */ = {
			isa = PBXResourcesBuildPhase;
			buildActionMask = 2147483647;
			files = (
				0C5F6FCA17C1ED8900A3CAC8 /* InfoPlist.strings in Resources */,
				0C5F6FD217C1ED8900A3CAC8 /* Default.png in Resources */,
				0C5F6FD417C1ED8900A3CAC8 /* Default@2x.png in Resources */,
				0C5F6FD617C1ED8900A3CAC8 /* Default-568h@2x.png in Resources */,
				0C5F6FE417C2360F00A3CAC8 /* MyStoryboard.storyboard in Resources */,
				0C5F6FEA17C2372500A3CAC8 /* Localizable.strings in Resources */,
			);
			runOnlyForDeploymentPostprocessing = 0;
		};
/* End PBXResourcesBuildPhase section */

/* Begin PBXShellScriptBuildPhase section */
		0C5F6FE317C1EFD600A3CAC8 /* ShellScript */ = {
			isa = PBXShellScriptBuildPhase;
			buildActionMask = 2147483647;
			files = (
			);
			inputPaths = (
			);
			outputPaths = (
			);
			runOnlyForDeploymentPostprocessing = 0;
			shellPath = /bin/sh;
			shellScript = "echo \"Preparing user interfaces for localization\"\n. ./Scripts/prepare-localization.sh\ngenerate_interfaces_for_target_locales\n";
		};
/* End PBXShellScriptBuildPhase section */

/* Begin PBXSourcesBuildPhase section */
		0C5F6FB817C1ED8800A3CAC8 /* Sources */ = {
			isa = PBXSourcesBuildPhase;
			buildActionMask = 2147483647;
			files = (
				0C5F6FCC17C1ED8900A3CAC8 /* main.m in Sources */,
				0C5F6FD017C1ED8900A3CAC8 /* LEAppDelegate.m in Sources */,
				0C5F6FE017C1EDE700A3CAC8 /* LEViewController.m in Sources */,
			);
			runOnlyForDeploymentPostprocessing = 0;
		};
/* End PBXSourcesBuildPhase section */

/* Begin PBXVariantGroup section */
		0C5F6FC817C1ED8900A3CAC8 /* InfoPlist.strings */ = {
			isa = PBXVariantGroup;
			children = (
				0C5F6FC917C1ED8900A3CAC8 /* en */,
			);
			name = InfoPlist.strings;
			sourceTree = "<group>";
		};
		0C5F6FE617C2360F00A3CAC8 /* MyStoryboard.storyboard */ = {
			isa = PBXVariantGroup;
			children = (
				0C5F6FE517C2360F00A3CAC8 /* en */,
				0C5F6FE717C2366B00A3CAC8 /* id */,
			);
			name = MyStoryboard.storyboard;
			sourceTree = "<group>";
		};
		0C5F6FEC17C2372500A3CAC8 /* Localizable.strings */ = {
			isa = PBXVariantGroup;
			children = (
				0C5F6FEB17C2372500A3CAC8 /* en */,
				0C5F6FED17C2372900A3CAC8 /* id */,
			);
			name = Localizable.strings;
			path = L10nExample;
			sourceTree = "<group>";
		};
/* End PBXVariantGroup section */

/* Begin XCBuildConfiguration section */
		0C5F6FD717C1ED8900A3CAC8 /* Debug */ = {
			isa = XCBuildConfiguration;
			buildSettings = {
				ALWAYS_SEARCH_USER_PATHS = NO;
				CLANG_CXX_LANGUAGE_STANDARD = "gnu++0x";
				CLANG_CXX_LIBRARY = "libc++";
				CLANG_ENABLE_OBJC_ARC = YES;
				CLANG_WARN_CONSTANT_CONVERSION = YES;
				CLANG_WARN_EMPTY_BODY = YES;
				CLANG_WARN_ENUM_CONVERSION = YES;
				CLANG_WARN_INT_CONVERSION = YES;
				CLANG_WARN__DUPLICATE_METHOD_MATCH = YES;
				"CODE_SIGN_IDENTITY[sdk=iphoneos*]" = "iPhone Developer";
				COPY_PHASE_STRIP = NO;
				GCC_C_LANGUAGE_STANDARD = gnu99;
				GCC_DYNAMIC_NO_PIC = NO;
				GCC_OPTIMIZATION_LEVEL = 0;
				GCC_PREPROCESSOR_DEFINITIONS = (
					"DEBUG=1",
					"$(inherited)",
				);
				GCC_SYMBOLS_PRIVATE_EXTERN = NO;
				GCC_WARN_ABOUT_RETURN_TYPE = YES;
				GCC_WARN_UNINITIALIZED_AUTOS = YES;
				GCC_WARN_UNUSED_VARIABLE = YES;
				IPHONEOS_DEPLOYMENT_TARGET = 6.1;
				ONLY_ACTIVE_ARCH = YES;
				SDKROOT = iphoneos;
			};
			name = Debug;
		};
		0C5F6FD817C1ED8900A3CAC8 /* Release */ = {
			isa = XCBuildConfiguration;
			buildSettings = {
				ALWAYS_SEARCH_USER_PATHS = NO;
				CLANG_CXX_LANGUAGE_STANDARD = "gnu++0x";
				CLANG_CXX_LIBRARY = "libc++";
				CLANG_ENABLE_OBJC_ARC = YES;
				CLANG_WARN_CONSTANT_CONVERSION = YES;
				CLANG_WARN_EMPTY_BODY = YES;
				CLANG_WARN_ENUM_CONVERSION = YES;
				CLANG_WARN_INT_CONVERSION = YES;
				CLANG_WARN__DUPLICATE_METHOD_MATCH = YES;
				"CODE_SIGN_IDENTITY[sdk=iphoneos*]" = "iPhone Developer";
				COPY_PHASE_STRIP = YES;
				GCC_C_LANGUAGE_STANDARD = gnu99;
				GCC_WARN_ABOUT_RETURN_TYPE = YES;
				GCC_WARN_UNINITIALIZED_AUTOS = YES;
				GCC_WARN_UNUSED_VARIABLE = YES;
				IPHONEOS_DEPLOYMENT_TARGET = 6.1;
				OTHER_CFLAGS = "-DNS_BLOCK_ASSERTIONS=1";
				SDKROOT = iphoneos;
				VALIDATE_PRODUCT = YES;
			};
			name = Release;
		};
		0C5F6FDA17C1ED8900A3CAC8 /* Debug */ = {
			isa = XCBuildConfiguration;
			buildSettings = {
				GCC_PRECOMPILE_PREFIX_HEADER = YES;
				GCC_PREFIX_HEADER = "L10nExample/L10nExample-Prefix.pch";
				INFOPLIST_FILE = "L10nExample/L10nExample-Info.plist";
				PRODUCT_NAME = "$(TARGET_NAME)";
				WRAPPER_EXTENSION = app;
			};
			name = Debug;
		};
		0C5F6FDB17C1ED8900A3CAC8 /* Release */ = {
			isa = XCBuildConfiguration;
			buildSettings = {
				GCC_PRECOMPILE_PREFIX_HEADER = YES;
				GCC_PREFIX_HEADER = "L10nExample/L10nExample-Prefix.pch";
				INFOPLIST_FILE = "L10nExample/L10nExample-Info.plist";
				PRODUCT_NAME = "$(TARGET_NAME)";
				WRAPPER_EXTENSION = app;
			};
			name = Release;
		};
/* End XCBuildConfiguration section */

/* Begin XCConfigurationList section */
		0C5F6FB717C1ED8800A3CAC8 /* Build configuration list for PBXProject "L10nExample" */ = {
			isa = XCConfigurationList;
			buildConfigurations = (
				0C5F6FD717C1ED8900A3CAC8 /* Debug */,
				0C5F6FD817C1ED8900A3CAC8 /* Release */,
			);
			defaultConfigurationIsVisible = 0;
			defaultConfigurationName = Release;
		};
		0C5F6FD917C1ED8900A3CAC8 /* Build configuration list for PBXNativeTarget "L10nExample" */ = {
			isa = XCConfigurationList;
			buildConfigurations = (
				0C5F6FDA17C1ED8900A3CAC8 /* Debug */,
				0C5F6FDB17C1ED8900A3CAC8 /* Release */,
			);
			defaultConfigurationIsVisible = 0;
			defaultConfigurationName = Release;
		};
/* End XCConfigurationList section */
	};
	rootObject = 0C5F6FB417C1ED8800A3CAC8 /* Project object */;
}
